Microsoft Visual Studio Solution File, Format Version 12.00
# Visual Studio 2012
Project("{FAE04EC0-301F-11D3-BF4B-00C04F79EFBC}") = "Prueba 2", "Prueba 2.csproj", "{B3E27CE0-B191-4041-AC8D-10FF330F5835}"
EndProject
Global
	GlobalSection(SolutionConfigurationPlatforms) = preSolution
	Debug|Any CPU = Debug|Any CPU
	ExportDebug|Any CPU = ExportDebug|Any CPU
	ExportRelease|Any CPU = ExportRelease|Any CPU
	EndGlobalSection
	GlobalSection(ProjectConfigurationPlatforms) = postSolution
		{B3E27CE0-B191-4041-AC8D-10FF330F5835}.Debug|Any CPU.ActiveCfg = Debug|Any CPU
		{B3E27CE0-B191-4041-AC8D-10FF330F5835}.Debug|Any CPU.Build.0 = Debug|Any CPU
		{B3E27CE0-B191-4041-AC8D-10FF330F5835}.ExportDebug|Any CPU.ActiveCfg = ExportDebug|Any CPU
		{B3E27CE0-B191-4041-AC8D-10FF330F5835}.ExportDebug|Any CPU.Build.0 = ExportDebug|Any CPU
		{B3E27CE0-B191-4041-AC8D-10FF330F5835}.ExportRelease|Any CPU.ActiveCfg = ExportRelease|Any CPU
		{B3E27CE0-B191-4041-AC8D-10FF330F5835}.ExportRelease|Any CPU.Build.0 = ExportRelease|Any CPU
	EndGlobalSection
EndGlobal
